
Microsoft Visual Studio Solution File, Format Version 12.00
# Visual Studio 15
VisualStudioVersion = 15.0.27428.2015
MinimumVisualStudioVersion = 10.0.40219.1
Project("{FAE04EC0-301F-11D3-BF4B-00C04F79EFBC}") = "ParallelProcessing", "ParallelProcessing\ParallelProcessing.csproj", "{03DCDA64-A96A-4A94-91EA-44A302150684}"
EndProject
Project("{FAE04EC0-301F-11D3-BF4B-00C04F79EFBC}") = "ParallelProcessing.Test", "ParallelProcessing.Test\ParallelProcessing.Test.csproj", "{EB1DB73D-E116-4BB0-8BD6-658C48068AAF}"
EndProject
Global
	GlobalSection(SolutionConfigurationPlatforms) = preSolution
		Debug|Any CPU = Debug|Any CPU
		Release|Any CPU = Release|Any CPU
	EndGlobalSection
	GlobalSection(ProjectConfigurationPlatforms) = postSolution
		{03DCDA64-A96A-4A94-91EA-44A302150684}.Debug|Any CPU.ActiveCfg = Debug|Any CPU
		{03DCDA64-A96A-4A94-91EA-44A302150684}.Debug|Any CPU.Build.0 = Debug|Any CPU
		{03DCDA64-A96A-4A94-91EA-44A302150684}.Release|Any CPU.ActiveCfg = Release|Any CPU
		{03DCDA64-A96A-4A94-91EA-44A302150684}.Release|Any CPU.Build.0 = Release|Any CPU
		{EB1DB73D-E116-4BB0-8BD6-658C48068AAF}.Debug|Any CPU.ActiveCfg = Debug|Any CPU
		{EB1DB73D-E116-4BB0-8BD6-658C48068AAF}.Debug|Any CPU.Build.0 = Debug|Any CPU
		{EB1DB73D-E116-4BB0-8BD6-658C48068AAF}.Release|Any CPU.ActiveCfg = Release|Any CPU
		{EB1DB73D-E116-4BB0-8BD6-658C48068AAF}.Release|Any CPU.Build.0 = Release|Any CPU
	EndGlobalSection
	GlobalSection(SolutionProperties) = preSolution
		HideSolutionNode = FALSE
	EndGlobalSection
	GlobalSection(ExtensibilityGlobals) = postSolution
		SolutionGuid = {6EBDABBF-4280-4D30-8CD2-5E5F5FF2E64B}
	EndGlobalSection
EndGlobal
